lockVersion: 2.0.0
id: 88029c87-fb19-4748-a926-76e977e7e0ac
management:
  docChecksum: c3f188f5c5f5308c6fcc257096f184d8
  docVersion: 1.0.0
  speakeasyVersion: 1.295.2
  generationVersion: 2.335.5
  releaseVersion: 0.1.0
  configChecksum: 584d6bc7cd304bd057d1c9adc9fb7abf
features:
  python:
    additionalDependencies: 0.1.0
    core: 4.6.8
    flattening: 2.81.1
    globalSecurity: 2.83.5
    globalSecurityCallbacks: 0.1.0
    globalServerURLs: 2.82.2
    nullables: 0.1.0
    responseFormat: 0.1.0
    sdkHooks: 0.1.0
generatedFiles:
  - src/athenacopilotsdk/sdkconfiguration.py
  - src/athenacopilotsdk/brain.py
  - src/athenacopilotsdk/document.py
  - src/athenacopilotsdk/chat.py
  - src/athenacopilotsdk/chatbot.py
  - src/athenacopilotsdk/integration.py
  - src/athenacopilotsdk/ogranisation.py
  - src/athenacopilotsdk/sdk.py
  - py.typed
  - pylintrc
  - setup.py
  - src/athenacopilotsdk/__init__.py
  - src/athenacopilotsdk/utils/__init__.py
  - src/athenacopilotsdk/utils/retries.py
  - src/athenacopilotsdk/utils/utils.py
  - src/athenacopilotsdk/models/errors/sdkerror.py
  - src/athenacopilotsdk/models/operations/post_brain_.py
  - src/athenacopilotsdk/models/operations/get_brain_.py
  - src/athenacopilotsdk/models/operations/put_brain_brain_id_.py
  - src/athenacopilotsdk/models/operations/get_brain_brain_id_.py
  - src/athenacopilotsdk/models/operations/delete_brain_brain_id_.py
  - src/athenacopilotsdk/models/operations/post_document_brain_id_text.py
  - src/athenacopilotsdk/models/operations/post_document_brain_id_url.py
  - src/athenacopilotsdk/models/operations/get_document_brain_id_document_id_download.py
  - src/athenacopilotsdk/models/operations/get_document_brain_id_.py
  - src/athenacopilotsdk/models/operations/get_document_brain_id_document_id_.py
  - src/athenacopilotsdk/models/operations/delete_document_brain_id_document_id_.py
  - src/athenacopilotsdk/models/operations/post_document_brain_id_file.py
  - src/athenacopilotsdk/models/operations/post_chat_.py
  - src/athenacopilotsdk/models/operations/get_chat_.py
  - src/athenacopilotsdk/models/operations/get_chat_chat_id_.py
  - src/athenacopilotsdk/models/operations/put_chat_chat_id_.py
  - src/athenacopilotsdk/models/operations/delete_chat_chat_id_.py
  - src/athenacopilotsdk/models/operations/post_chat_get_response.py
  - src/athenacopilotsdk/models/operations/post_chat_list_interactions.py
  - src/athenacopilotsdk/models/operations/post_chatbot_create.py
  - src/athenacopilotsdk/models/operations/post_chatbot_list.py
  - src/athenacopilotsdk/models/operations/post_chatbot_get.py
  - src/athenacopilotsdk/models/operations/get_chatbot_analytics.py
  - src/athenacopilotsdk/models/operations/get_chatbot_get_messages.py
  - src/athenacopilotsdk/models/operations/post_chatbot_update.py
  - src/athenacopilotsdk/models/operations/post_chatbot_delete.py
  - src/athenacopilotsdk/models/operations/post_chatbot_reset.py
  - src/athenacopilotsdk/models/operations/get_integration_integration_name_connect.py
  - src/athenacopilotsdk/models/operations/get_integration_integration_name_disconnect.py
  - src/athenacopilotsdk/models/operations/get_integration_integration_name_list.py
  - src/athenacopilotsdk/models/operations/post_integration_integration_name_add.py
  - src/athenacopilotsdk/models/operations/get_organisation_.py
  - src/athenacopilotsdk/models/components/brain.py
  - src/athenacopilotsdk/models/components/httpmetadata.py
  - src/athenacopilotsdk/models/components/security.py
  - src/athenacopilotsdk/models/errors/post_brain_.py
  - src/athenacopilotsdk/models/errors/put_brain_brain_id_.py
  - src/athenacopilotsdk/models/errors/get_brain_brain_id_.py
  - src/athenacopilotsdk/models/errors/post_document_brain_id_url.py
  - src/athenacopilotsdk/models/__init__.py
  - src/athenacopilotsdk/models/errors/__init__.py
  - src/athenacopilotsdk/models/operations/__init__.py
  - src/athenacopilotsdk/models/components/__init__.py
  - docs/models/operations/postbrainrequestbody.md
  - docs/models/operations/postbrainresponse.md
  - docs/models/operations/getbrainresponse.md
  - docs/models/operations/putbrainbrainidrequestbody.md
  - docs/models/operations/putbrainbrainidrequest.md
  - docs/models/operations/putbrainbrainidresponse.md
  - docs/models/operations/getbrainbrainidrequest.md
  - docs/models/operations/getbrainbrainidresponse.md
  - docs/models/operations/deletebrainbrainidrequest.md
  - docs/models/operations/deletebrainbrainidresponsebody.md
  - docs/models/operations/deletebrainbrainidresponse.md
  - docs/models/operations/postdocumentbrainidtextrequestbody.md
  - docs/models/operations/postdocumentbrainidtextrequest.md
  - docs/models/operations/postdocumentbrainidtextresponsebody.md
  - docs/models/operations/postdocumentbrainidtextresponse.md
  - docs/models/operations/postdocumentbrainidurlrequestbody.md
  - docs/models/operations/postdocumentbrainidurlrequest.md
  - docs/models/operations/postdocumentbrainidurlresponsebody.md
  - docs/models/operations/postdocumentbrainidurlresponse.md
  - docs/models/operations/getdocumentbrainiddocumentiddownloadrequest.md
  - docs/models/operations/getdocumentbrainiddocumentiddownloadresponsebody.md
  - docs/models/operations/getdocumentbrainiddocumentiddownloadresponse.md
  - docs/models/operations/getdocumentbrainidrequest.md
  - docs/models/operations/getdocumentbrainidresponsebody.md
  - docs/models/operations/getdocumentbrainidresponse.md
  - docs/models/operations/getdocumentbrainiddocumentidrequest.md
  - docs/models/operations/getdocumentbrainiddocumentidresponsebody.md
  - docs/models/operations/getdocumentbrainiddocumentidresponse.md
  - docs/models/operations/deletedocumentbrainiddocumentidrequest.md
  - docs/models/operations/deletedocumentbrainiddocumentidresponsebody.md
  - docs/models/operations/deletedocumentbrainiddocumentidresponse.md
  - docs/models/operations/file.md
  - docs/models/operations/postdocumentbrainidfilerequestbody.md
  - docs/models/operations/postdocumentbrainidfilerequest.md
  - docs/models/operations/postdocumentbrainidfileresponsebody.md
  - docs/models/operations/postdocumentbrainidfileresponse.md
  - docs/models/operations/integration.md
  - docs/models/operations/postchatrequestbody.md
  - docs/models/operations/postchatresponsebody.md
  - docs/models/operations/postchatresponse.md
  - docs/models/operations/getchatresponsebody.md
  - docs/models/operations/getchatresponse.md
  - docs/models/operations/getchatchatidrequest.md
  - docs/models/operations/getchatchatidresponsebody.md
  - docs/models/operations/getchatchatidresponse.md
  - docs/models/operations/putchatchatidrequestbody.md
  - docs/models/operations/putchatchatidrequest.md
  - docs/models/operations/putchatchatidresponsebody.md
  - docs/models/operations/putchatchatidresponse.md
  - docs/models/operations/deletechatchatidrequest.md
  - docs/models/operations/deletechatchatidresponsebody.md
  - docs/models/operations/deletechatchatidresponse.md
  - docs/models/operations/postchatgetresponserequestbody.md
  - docs/models/operations/postchatgetresponseresponsebody.md
  - docs/models/operations/postchatgetresponseresponse.md
  - docs/models/operations/postchatlistinteractionsrequestbody.md
  - docs/models/operations/postchatlistinteractionsresponsebody.md
  - docs/models/operations/postchatlistinteractionsresponse.md
  - docs/models/operations/postchatbotcreaterequestbody.md
  - docs/models/operations/postchatbotcreateresponsebody.md
  - docs/models/operations/postchatbotcreateresponse.md
  - docs/models/operations/postchatbotlistresponsebody.md
  - docs/models/operations/postchatbotlistresponse.md
  - docs/models/operations/postchatbotgetrequest.md
  - docs/models/operations/postchatbotgetresponsebody.md
  - docs/models/operations/postchatbotgetresponse.md
  - docs/models/operations/getchatbotanalyticsrequest.md
  - docs/models/operations/getchatbotanalyticsresponsebody.md
  - docs/models/operations/getchatbotanalyticsresponse.md
  - docs/models/operations/getchatbotgetmessagesrequest.md
  - docs/models/operations/getchatbotgetmessagesresponsebody.md
  - docs/models/operations/getchatbotgetmessagesresponse.md
  - docs/models/operations/postchatbotupdaterequestbody.md
  - docs/models/operations/postchatbotupdateresponsebody.md
  - docs/models/operations/postchatbotupdateresponse.md
  - docs/models/operations/postchatbotdeleterequest.md
  - docs/models/operations/postchatbotdeleteresponsebody.md
  - docs/models/operations/postchatbotdeleteresponse.md
  - docs/models/operations/postchatbotresetrequest.md
  - docs/models/operations/postchatbotresetresponsebody.md
  - docs/models/operations/postchatbotresetresponse.md
  - docs/models/operations/getintegrationintegrationnameconnectrequest.md
  - docs/models/operations/getintegrationintegrationnameconnectresponsebody.md
  - docs/models/operations/getintegrationintegrationnameconnectresponse.md
  - docs/models/operations/getintegrationintegrationnamedisconnectrequest.md
  - docs/models/operations/getintegrationintegrationnamedisconnectresponse.md
  - docs/models/operations/getintegrationintegrationnamelistrequest.md
  - docs/models/operations/getintegrationintegrationnamelistresponsebody.md
  - docs/models/operations/getintegrationintegrationnamelistresponse.md
  - docs/models/operations/postintegrationintegrationnameaddrequestbody.md
  - docs/models/operations/postintegrationintegrationnameaddrequest.md
  - docs/models/operations/postintegrationintegrationnameaddresponsebody.md
  - docs/models/operations/postintegrationintegrationnameaddresponse.md
  - docs/models/operations/getorganisationresponsebody.md
  - docs/models/operations/getorganisationresponse.md
  - docs/models/components/activefeatures.md
  - docs/models/components/metadataschema.md
  - docs/models/components/brain.md
  - docs/models/components/httpmetadata.md
  - docs/models/components/security.md
  - docs/models/errors/postbrainbrainresponsebody.md
  - docs/models/errors/postbrainresponsebody.md
  - docs/models/errors/putbrainbrainidresponsebody.md
  - docs/models/errors/getbrainbrainidresponsebody.md
  - docs/models/errors/postdocumentbrainidurlresponsebody.md
  - docs/sdks/athenacopilotsdk/README.md
  - docs/sdks/brain/README.md
  - docs/sdks/document/README.md
  - docs/sdks/chat/README.md
  - docs/sdks/chatbot/README.md
  - docs/sdks/integration/README.md
  - docs/sdks/ogranisation/README.md
  - USAGE.md
  - .gitattributes
  - src/athenacopilotsdk/_hooks/sdkhooks.py
  - src/athenacopilotsdk/_hooks/types.py
  - src/athenacopilotsdk/_hooks/__init__.py
