speakeasyVersion: 1.296.1
sources:
    athenacopilot:
        sourceNamespace: athenacopilot
        sourceRevisionDigest: sha256:7d80a8493b0272828ea06c644f315821f7a3994c419209f5a6e456f1d3c977ba
        sourceBlobDigest: sha256:0175c9bfda02b1cd2e6823e96ed2032752f51accf9a6e5bbee3e52dfd5fc9cba
        tags:
            - latest
targets:
    my-first-target:
        source: athenacopilot
        sourceNamespace: athenacopilot
        sourceRevisionDigest: sha256:7d80a8493b0272828ea06c644f315821f7a3994c419209f5a6e456f1d3c977ba
        sourceBlobDigest: sha256:0175c9bfda02b1cd2e6823e96ed2032752f51accf9a6e5bbee3e52dfd5fc9cba
        outLocation: /Users/work/Desktop/sdk/athena-copilot-sdk-python
workflow:
    workflowVersion: 1.0.0
    speakeasyVersion: latest
    sources:
        athenacopilot:
            inputs:
                - location: ../../../Downloads/openapi.yaml
            registry:
                location: registry.speakeasyapi.dev/shreyaan-fcm/shreyaan/athenacopilot
    targets:
        my-first-target:
            target: python
            source: athenacopilot
