speakeasyVersion: 1.295.2
sources:
    athenacopilot:
        sourceNamespace: athenacopilot
        sourceRevisionDigest: sha256:61fed32cc767fc6ea8314dc18ed915ba6e6611d36e4afacc26edb7e952c2c838
        sourceBlobDigest: sha256:6a42d2642897ee0d2435a3e46e39b3f7a479c6fcf0a3a0e00049d119c3025ba1
        tags:
            - latest
targets:
    my-first-target:
        source: athenacopilot
        sourceNamespace: athenacopilot
        sourceRevisionDigest: sha256:61fed32cc767fc6ea8314dc18ed915ba6e6611d36e4afacc26edb7e952c2c838
        sourceBlobDigest: sha256:6a42d2642897ee0d2435a3e46e39b3f7a479c6fcf0a3a0e00049d119c3025ba1
        outLocation: /Users/work/Desktop/sdk/athena-copilot-sdk-python
workflow:
    workflowVersion: 1.0.0
    speakeasyVersion: latest
    sources:
        athenacopilot:
            inputs:
                - location: ../../../Downloads/openapi.yaml
            registry:
                location: registry.speakeasyapi.dev/shreyaan-fcm/shreyaan/athenacopilot
    targets:
        my-first-target:
            target: python
            source: athenacopilot
