speakeasyVersion: 1.296.1
sources:
    athenacopilot:
        sourceNamespace: athenacopilot
        sourceRevisionDigest: sha256:cee47c12c9061c1a7037fc9e22684e7da288b9305ad9fcd643c8e98b37ac2936
        sourceBlobDigest: sha256:a18091d34cfb34cc7ebdcdac5456fa7d2c7e151c1ace04712c5fa31fdfa606c2
        tags:
            - latest
targets:
    my-first-target:
        source: athenacopilot
        sourceNamespace: athenacopilot
        sourceRevisionDigest: sha256:cee47c12c9061c1a7037fc9e22684e7da288b9305ad9fcd643c8e98b37ac2936
        sourceBlobDigest: sha256:a18091d34cfb34cc7ebdcdac5456fa7d2c7e151c1ace04712c5fa31fdfa606c2
        outLocation: /Users/work/Desktop/sdk/athena-copilot-sdk-python
workflow:
    workflowVersion: 1.0.0
    speakeasyVersion: latest
    sources:
        athenacopilot:
            inputs:
                - location: ../../../Downloads/openapi.yaml
            registry:
                location: registry.speakeasyapi.dev/shreyaan-fcm/shreyaan/athenacopilot
    targets:
        my-first-target:
            target: python
            source: athenacopilot
